{
  "version": "5",
  "remote": {
    "https://raw.githubusercontent.com/wainggan/raas/refs/heads/main/application.ts": "2a3e8bde360ded3eab528123a6545b7b7963f748af0a3b6cb21b96984b602ad2",
    "https://raw.githubusercontent.com/wainggan/raas/refs/heads/main/html.ts": "7bd6c6c20e625d303019aa666fd57d9218b17ce38b24c783e8f33b46d3119af6",
    "https://raw.githubusercontent.com/wainggan/raas/refs/heads/main/jsx.ts": "04d94b7b77f278ad5ff1100d50a8d609f85b9552a5e0ac589e29812ee8e08178",
    "https://raw.githubusercontent.com/wainggan/raas/refs/heads/main/router.ts": "1e0e6b34427c389a3f63078afbe33e1d4e552633e78813bdfe284fcd153b7983"
  }
}
