{
  "version": "5",
  "specifiers": {
    "jsr:@std/cli@^1.0.27": "1.0.27",
    "jsr:@std/encoding@^1.0.10": "1.0.10",
    "jsr:@std/fmt@^1.0.9": "1.0.9",
    "jsr:@std/fs@^1.0.22": "1.0.22",
    "jsr:@std/html@^1.0.5": "1.0.5",
    "jsr:@std/http@^1.0.24": "1.0.24",
    "jsr:@std/internal@^1.0.12": "1.0.12",
    "jsr:@std/media-types@^1.1.0": "1.1.0",
    "jsr:@std/net@^1.0.6": "1.0.6",
    "jsr:@std/path@^1.1.4": "1.1.4",
    "jsr:@std/streams@^1.0.17": "1.0.17"
  },
  "jsr": {
    "@std/cli@1.0.27": {
      "integrity": "eba97edd0891871a7410e835dd94b3c260c709cca5983df2689c25a71fbe04de"
    },
    "@std/encoding@1.0.10": {
      "integrity": "8783c6384a2d13abd5e9e87a7ae0520a30e9f56aeeaa3bdf910a3eaaf5c811a1"
    },
    "@std/fmt@1.0.9": {
      "integrity": "2487343e8899fb2be5d0e3d35013e54477ada198854e52dd05ed0422eddcabe0"
    },
    "@std/fs@1.0.22": {
      "integrity": "de0f277a58a867147a8a01bc1b181d0dfa80bfddba8c9cf2bacd6747bcec9308"
    },
    "@std/html@1.0.5": {
      "integrity": "4e2d693f474cae8c16a920fa5e15a3b72267b94b84667f11a50c6dd1cb18d35e"
    },
    "@std/http@1.0.24": {
      "integrity": "4dd59afd7cfd6e2e96e175b67a5a829b449ae55f08575721ec691e5d85d886d4",
      "dependencies": [
        "jsr:@std/cli",
        "jsr:@std/encoding",
        "jsr:@std/fmt",
        "jsr:@std/fs",
        "jsr:@std/html",
        "jsr:@std/media-types",
        "jsr:@std/net",
        "jsr:@std/path",
        "jsr:@std/streams"
      ]
    },
    "@std/internal@1.0.12": {
      "integrity": "972a634fd5bc34b242024402972cd5143eac68d8dffaca5eaa4dba30ce17b027"
    },
    "@std/media-types@1.1.0": {
      "integrity": "c9d093f0c05c3512932b330e3cc1fe1d627b301db33a4c2c2185c02471d6eaa4"
    },
    "@std/net@1.0.6": {
      "integrity": "110735f93e95bb9feb95790a8b1d1bf69ec0dc74f3f97a00a76ea5efea25500c"
    },
    "@std/path@1.1.4": {
      "integrity": "1d2d43f39efb1b42f0b1882a25486647cb851481862dc7313390b2bb044314b5",
      "dependencies": [
        "jsr:@std/internal"
      ]
    },
    "@std/streams@1.0.17": {
      "integrity": "7859f3d9deed83cf4b41f19223d4a67661b3d3819e9fc117698f493bf5992140"
    }
  },
  "remote": {
    "https://raw.githubusercontent.com/wainggan/raas/refs/heads/main/application.ts": "2a3e8bde360ded3eab528123a6545b7b7963f748af0a3b6cb21b96984b602ad2",
    "https://raw.githubusercontent.com/wainggan/raas/refs/heads/main/html.ts": "7bd6c6c20e625d303019aa666fd57d9218b17ce38b24c783e8f33b46d3119af6",
    "https://raw.githubusercontent.com/wainggan/raas/refs/heads/main/jsx.ts": "04d94b7b77f278ad5ff1100d50a8d609f85b9552a5e0ac589e29812ee8e08178",
    "https://raw.githubusercontent.com/wainggan/raas/refs/heads/main/router.ts": "1e0e6b34427c389a3f63078afbe33e1d4e552633e78813bdfe284fcd153b7983"
  },
  "workspace": {
    "dependencies": [
      "jsr:@std/http@^1.0.24"
    ]
  }
}
